// !$*UTF8*$!
{
	archiveVersion = 1;
	classes = {
	};
	objectVersion = 46;
	objects = {

/* Begin PBXBuildFile section */
		27EA9AA92230045825D23C4B /* libPods.a in Frameworks */ = {isa = PBXBuildFile; fileRef = 51581C93C975536A97EE8B7C /* libPods.a */; };
		5A748CC31B8BB40200EEA8A5 /* main.m in Sources */ = {isa = PBXBuildFile; fileRef = 5A748CC21B8BB40200EEA8A5 /* main.m */; };
		5A748CC61B8BB40200EEA8A5 /* AppDelegate.m in Sources */ = {isa = PBXBuildFile; fileRef = 5A748CC51B8BB40200EEA8A5 /* AppDelegate.m */; };
		5A748CC91B8BB40200EEA8A5 /* ViewController.m in Sources */ = {isa = PBXBuildFile; fileRef = 5A748CC81B8BB40200EEA8A5 /* ViewController.m */; };
		5A748CCC1B8BB40200EEA8A5 /* Main.storyboard in Resources */ = {isa = PBXBuildFile; fileRef = 5A748CCA1B8BB40200EEA8A5 /* Main.storyboard */; };
		5A748CCE1B8BB40200EEA8A5 /* Images.xcassets in Resources */ = {isa = PBXBuildFile; fileRef = 5A748CCD1B8BB40200EEA8A5 /* Images.xcassets */; };
		5A748CD11B8BB40200EEA8A5 /* LaunchScreen.xib in Resources */ = {isa = PBXBuildFile; fileRef = 5A748CCF1B8BB40200EEA8A5 /* LaunchScreen.xib */; };
		5A748CDD1B8BB40200EEA8A5 /* JHASearchTutorialTests.m in Sources */ = {isa = PBXBuildFile; fileRef = 5A748CDC1B8BB40200EEA8A5 /* JHASearchTutorialTests.m */; };
/* End PBXBuildFile section */

/* Begin PBXContainerItemProxy section */
		5A748CD71B8BB40200EEA8A5 /* PBXContainerItemProxy */ = {
			isa = PBXContainerItemProxy;
			containerPortal = 5A748CB51B8BB40200EEA8A5 /* Project object */;
			proxyType = 1;
			remoteGlobalIDString = 5A748CBC1B8BB40200EEA8A5;
			remoteInfo = JHASearchTutorial;
		};
/* End PBXContainerItemProxy section */

/* Begin PBXFileReference section */
		51581C93C975536A97EE8B7C /* libPods.a */ = {isa = PBXFileReference; explicitFileType = archive.ar; includeInIndex = 0; path = libPods.a; sourceTree = BUILT_PRODUCTS_DIR; };
		5A748CBD1B8BB40200EEA8A5 /* JHASearchTutorial.app */ = {isa = PBXFileReference; explicitFileType = wrapper.application; includeInIndex = 0; path = JHASearchTutorial.app; sourceTree = BUILT_PRODUCTS_DIR; };
		5A748CC11B8BB40200EEA8A5 /* Info.plist */ = {isa = PBXFileReference; lastKnownFileType = text.plist.xml; path = Info.plist; sourceTree = "<group>"; };
		5A748CC21B8BB40200EEA8A5 /* main.m */ = {isa = PBXFileReference; lastKnownFileType = sourcecode.c.objc; path = main.m; sourceTree = "<group>"; };
		5A748CC41B8BB40200EEA8A5 /* AppDelegate.h */ = {isa = PBXFileReference; lastKnownFileType = sourcecode.c.h; path = AppDelegate.h; sourceTree = "<group>"; };
		5A748CC51B8BB40200EEA8A5 /* AppDelegate.m */ = {isa = PBXFileReference; lastKnownFileType = sourcecode.c.objc; path = AppDelegate.m; sourceTree = "<group>"; };
		5A748CC71B8BB40200EEA8A5 /* ViewController.h */ = {isa = PBXFileReference; lastKnownFileType = sourcecode.c.h; path = ViewController.h; sourceTree = "<group>"; };
		5A748CC81B8BB40200EEA8A5 /* ViewController.m */ = {isa = PBXFileReference; lastKnownFileType = sourcecode.c.objc; path = ViewController.m; sourceTree = "<group>"; };
		5A748CCB1B8BB40200EEA8A5 /* Base */ = {isa = PBXFileReference; lastKnownFileType = file.storyboard; name = Base; path = Base.lproj/Main.storyboard; sourceTree = "<group>"; };
		5A748CCD1B8BB40200EEA8A5 /* Images.xcassets */ = {isa = PBXFileReference; lastKnownFileType = folder.assetcatalog; path = Images.xcassets; sourceTree = "<group>"; };
		5A748CD01B8BB40200EEA8A5 /* Base */ = {isa = PBXFileReference; lastKnownFileType = file.xib; name = Base; path = Base.lproj/LaunchScreen.xib; sourceTree = "<group>"; };
		5A748CD61B8BB40200EEA8A5 /* JHASearchTutorialTests.xctest */ = {isa = PBXFileReference; explicitFileType = wrapper.cfbundle; includeInIndex = 0; path = JHASearchTutorialTests.xctest; sourceTree = BUILT_PRODUCTS_DIR; };
		5A748CDB1B8BB40200EEA8A5 /* Info.plist */ = {isa = PBXFileReference; lastKnownFileType = text.plist.xml; path = Info.plist; sourceTree = "<group>"; };
		5A748CDC1B8BB40200EEA8A5 /* JHASearchTutorialTests.m */ = {isa = PBXFileReference; lastKnownFileType = sourcecode.c.objc; path = JHASearchTutorialTests.m; sourceTree = "<group>"; };
		CE46E7AA43CB7CECEA0F1041 /* Pods.debug.xcconfig */ = {isa = PBXFileReference; includeInIndex = 1; lastKnownFileType = text.xcconfig; name = Pods.debug.xcconfig; path = "Pods/Target Support Files/Pods/Pods.debug.xcconfig"; sourceTree = "<group>"; };
		E694E77FE14E9836A1F9A9AC /* Pods.release.xcconfig */ = {isa = PBXFileReference; includeInIndex = 1; lastKnownFileType = text.xcconfig; name = Pods.release.xcconfig; path = "Pods/Target Support Files/Pods/Pods.release.xcconfig"; sourceTree = "<group>"; };
/* End PBXFileReference section */

/* Begin PBXFrameworksBuildPhase section */
		5A748CBA1B8BB40200EEA8A5 /* Frameworks */ = {
			isa = PBXFrameworksBuildPhase;
			buildActionMask = 2147483647;
			files = (
				27EA9AA92230045825D23C4B /* libPods.a in Frameworks */,
			);
			runOnlyForDeploymentPostprocessing = 0;
		};
		5A748CD31B8BB40200EEA8A5 /* Frameworks */ = {
			isa = PBXFrameworksBuildPhase;
			buildActionMask = 2147483647;
			files = (
			);
			runOnlyForDeploymentPostprocessing = 0;
		};
/* End PBXFrameworksBuildPhase section */

/* Begin PBXGroup section */
		5A748CB41B8BB40200EEA8A5 = {
			isa = PBXGroup;
			children = (
				5A748CBF1B8BB40200EEA8A5 /* JHASearchTutorial */,
				5A748CD91B8BB40200EEA8A5 /* JHASearchTutorialTests */,
				5A748CBE1B8BB40200EEA8A5 /* Products */,
				BEADA2FE70FD9F8A1359F876 /* Pods */,
				C8910511E98A4851E0EAF74A /* Frameworks */,
			);
			sourceTree = "<group>";
		};
		5A748CBE1B8BB40200EEA8A5 /* Products */ = {
			isa = PBXGroup;
			children = (
				5A748CBD1B8BB40200EEA8A5 /* JHASearchTutorial.app */,
				5A748CD61B8BB40200EEA8A5 /* JHASearchTutorialTests.xctest */,
			);
			name = Products;
			sourceTree = "<group>";
		};
		5A748CBF1B8BB40200EEA8A5 /* JHASearchTutorial */ = {
			isa = PBXGroup;
			children = (
				5A748CC41B8BB40200EEA8A5 /* AppDelegate.h */,
				5A748CC51B8BB40200EEA8A5 /* AppDelegate.m */,
				5A748CC71B8BB40200EEA8A5 /* ViewController.h */,
				5A748CC81B8BB40200EEA8A5 /* ViewController.m */,
				5A748CCA1B8BB40200EEA8A5 /* Main.storyboard */,
				5A748CCD1B8BB40200EEA8A5 /* Images.xcassets */,
				5A748CCF1B8BB40200EEA8A5 /* LaunchScreen.xib */,
				5A748CC01B8BB40200EEA8A5 /* Supporting Files */,
			);
			path = JHASearchTutorial;
			sourceTree = "<group>";
		};
		5A748CC01B8BB40200EEA8A5 /* Supporting Files */ = {
			isa = PBXGroup;
			children = (
				5A748CC11B8BB40200EEA8A5 /* Info.plist */,
				5A748CC21B8BB40200EEA8A5 /* main.m */,
			);
			name = "Supporting Files";
			sourceTree = "<group>";
		};
		5A748CD91B8BB40200EEA8A5 /* JHASearchTutorialTests */ = {
			isa = PBXGroup;
			children = (
				5A748CDC1B8BB40200EEA8A5 /* JHASearchTutorialTests.m */,
				5A748CDA1B8BB40200EEA8A5 /* Supporting Files */,
			);
			path = JHASearchTutorialTests;
			sourceTree = "<group>";
		};
		5A748CDA1B8BB40200EEA8A5 /* Supporting Files */ = {
			isa = PBXGroup;
			children = (
				5A748CDB1B8BB40200EEA8A5 /* Info.plist */,
			);
			name = "Supporting Files";
			sourceTree = "<group>";
		};
		BEADA2FE70FD9F8A1359F876 /* Pods */ = {
			isa = PBXGroup;
			children = (
				CE46E7AA43CB7CECEA0F1041 /* Pods.debug.xcconfig */,
				E694E77FE14E9836A1F9A9AC /* Pods.release.xcconfig */,
			);
			name = Pods;
			sourceTree = "<group>";
		};
		C8910511E98A4851E0EAF74A /* Frameworks */ = {
			isa = PBXGroup;
			children = (
				51581C93C975536A97EE8B7C /* libPods.a */,
			);
			name = Frameworks;
			sourceTree = "<group>";
		};
/* End PBXGroup section */

/* Begin PBXNativeTarget section */
		5A748CBC1B8BB40200EEA8A5 /* JHASearchTutorial */ = {
			isa = PBXNativeTarget;
			buildConfigurationList = 5A748CE01B8BB40200EEA8A5 /* Build configuration list for PBXNativeTarget "JHASearchTutorial" */;
			buildPhases = (
				89AB5608A58B58D4595AEE42 /* Check Pods Manifest.lock */,
				5A748CB91B8BB40200EEA8A5 /* Sources */,
				5A748CBA1B8BB40200EEA8A5 /* Frameworks */,
				5A748CBB1B8BB40200EEA8A5 /* Resources */,
				A80239F346C5A69EAEB39B6E /* Copy Pods Resources */,
			);
			buildRules = (
			);
			dependencies = (
			);
			name = JHASearchTutorial;
			productName = JHASearchTutorial;
			productReference = 5A748CBD1B8BB40200EEA8A5 /* JHASearchTutorial.app */;
			productType = "com.apple.product-type.application";
		};
		5A748CD51B8BB40200EEA8A5 /* JHASearchTutorialTests */ = {
			isa = PBXNativeTarget;
			buildConfigurationList = 5A748CE31B8BB40200EEA8A5 /* Build configuration list for PBXNativeTarget "JHASearchTutorialTests" */;
			buildPhases = (
				5A748CD21B8BB40200EEA8A5 /* Sources */,
				5A748CD31B8BB40200EEA8A5 /* Frameworks */,
				5A748CD41B8BB40200EEA8A5 /* Resources */,
			);
			buildRules = (
			);
			dependencies = (
				5A748CD81B8BB40200EEA8A5 /* PBXTargetDependency */,
			);
			name = JHASearchTutorialTests;
			productName = JHASearchTutorialTests;
			productReference = 5A748CD61B8BB40200EEA8A5 /* JHASearchTutorialTests.xctest */;
			productType = "com.apple.product-type.bundle.unit-test";
		};
/* End PBXNativeTarget section */

/* Begin PBXProject section */
		5A748CB51B8BB40200EEA8A5 /* Project object */ = {
			isa = PBXProject;
			attributes = {
				LastUpgradeCheck = 0640;
				ORGANIZATIONNAME = JAnderson;
				TargetAttributes = {
					5A748CBC1B8BB40200EEA8A5 = {
						CreatedOnToolsVersion = 6.4;
					};
					5A748CD51B8BB40200EEA8A5 = {
						CreatedOnToolsVersion = 6.4;
						TestTargetID = 5A748CBC1B8BB40200EEA8A5;
					};
				};
			};
			buildConfigurationList = 5A748CB81B8BB40200EEA8A5 /* Build configuration list for PBXProject "JHASearchTutorial" */;
			compatibilityVersion = "Xcode 3.2";
			developmentRegion = English;
			hasScannedForEncodings = 0;
			knownRegions = (
				en,
				Base,
			);
			mainGroup = 5A748CB41B8BB40200EEA8A5;
			productRefGroup = 5A748CBE1B8BB40200EEA8A5 /* Products */;
			projectDirPath = "";
			projectRoot = "";
			targets = (
				5A748CBC1B8BB40200EEA8A5 /* JHASearchTutorial */,
				5A748CD51B8BB40200EEA8A5 /* JHASearchTutorialTests */,
			);
		};
/* End PBXProject section */

/* Begin PBXResourcesBuildPhase section */
		5A748CBB1B8BB40200EEA8A5 /* Resources */ = {
			isa = PBXResourcesBuildPhase;
			buildActionMask = 2147483647;
			files = (
				5A748CCC1B8BB40200EEA8A5 /* Main.storyboard in Resources */,
				5A748CD11B8BB40200EEA8A5 /* LaunchScreen.xib in Resources */,
				5A748CCE1B8BB40200EEA8A5 /* Images.xcassets in Resources */,
			);
			runOnlyForDeploymentPostprocessing = 0;
		};
		5A748CD41B8BB40200EEA8A5 /* Resources */ = {
			isa = PBXResourcesBuildPhase;
			buildActionMask = 2147483647;
			files = (
			);
			runOnlyForDeploymentPostprocessing = 0;
		};
/* End PBXResourcesBuildPhase section */

/* Begin PBXShellScriptBuildPhase section */
		89AB5608A58B58D4595AEE42 /* Check Pods Manifest.lock */ = {
			isa = PBXShellScriptBuildPhase;
			buildActionMask = 2147483647;
			files = (
			);
			inputPaths = (
			);
			name = "Check Pods Manifest.lock";
			outputPaths = (
			);
			runOnlyForDeploymentPostprocessing = 0;
			shellPath = /bin/sh;
			shellScript = "diff \"${PODS_ROOT}/../Podfile.lock\" \"${PODS_ROOT}/Manifest.lock\" > /dev/null\nif [[ $? != 0 ]] ; then\n    cat << EOM\nerror: The sandbox is not in sync with the Podfile.lock. Run 'pod install' or update your CocoaPods installation.\nEOM\n    exit 1\nfi\n";
			showEnvVarsInLog = 0;
		};
		A80239F346C5A69EAEB39B6E /* Copy Pods Resources */ = {
			isa = PBXShellScriptBuildPhase;
			buildActionMask = 2147483647;
			files = (
			);
			inputPaths = (
			);
			name = "Copy Pods Resources";
			outputPaths = (
			);
			runOnlyForDeploymentPostprocessing = 0;
			shellPath = /bin/sh;
			shellScript = "\"${SRCROOT}/Pods/Target Support Files/Pods/Pods-resources.sh\"\n";
			showEnvVarsInLog = 0;
		};
/* End PBXShellScriptBuildPhase section */

/* Begin PBXSourcesBuildPhase section */
		5A748CB91B8BB40200EEA8A5 /* Sources */ = {
			isa = PBXSourcesBuildPhase;
			buildActionMask = 2147483647;
			files = (
				5A748CC91B8BB40200EEA8A5 /* ViewController.m in Sources */,
				5A748CC61B8BB40200EEA8A5 /* AppDelegate.m in Sources */,
				5A748CC31B8BB40200EEA8A5 /* main.m in Sources */,
			);
			runOnlyForDeploymentPostprocessing = 0;
		};
		5A748CD21B8BB40200EEA8A5 /* Sources */ = {
			isa = PBXSourcesBuildPhase;
			buildActionMask = 2147483647;
			files = (
				5A748CDD1B8BB40200EEA8A5 /* JHASearchTutorialTests.m in Sources */,
			);
			runOnlyForDeploymentPostprocessing = 0;
		};
/* End PBXSourcesBuildPhase section */

/* Begin PBXTargetDependency section */
		5A748CD81B8BB40200EEA8A5 /* PBXTargetDependency */ = {
			isa = PBXTargetDependency;
			target = 5A748CBC1B8BB40200EEA8A5 /* JHASearchTutorial */;
			targetProxy = 5A748CD71B8BB40200EEA8A5 /* PBXContainerItemProxy */;
		};
/* End PBXTargetDependency section */

/* Begin PBXVariantGroup section */
		5A748CCA1B8BB40200EEA8A5 /* Main.storyboard */ = {
			isa = PBXVariantGroup;
			children = (
				5A748CCB1B8BB40200EEA8A5 /* Base */,
			);
			name = Main.storyboard;
			sourceTree = "<group>";
		};
		5A748CCF1B8BB40200EEA8A5 /* LaunchScreen.xib */ = {
			isa = PBXVariantGroup;
			children = (
				5A748CD01B8BB40200EEA8A5 /* Base */,
			);
			name = LaunchScreen.xib;
			sourceTree = "<group>";
		};
/* End PBXVariantGroup section */

/* Begin XCBuildConfiguration section */
		5A748CDE1B8BB40200EEA8A5 /* Debug */ = {
			isa = XCBuildConfiguration;
			buildSettings = {
				ALWAYS_SEARCH_USER_PATHS = NO;
				CLANG_CXX_LANGUAGE_STANDARD = "gnu++0x";
				CLANG_CXX_LIBRARY = "libc++";
				CLANG_ENABLE_MODULES = YES;
				CLANG_ENABLE_OBJC_ARC = YES;
				CLANG_WARN_BOOL_CONVERSION = YES;
				CLANG_WARN_CONSTANT_CONVERSION = YES;
				CLANG_WARN_DIRECT_OBJC_ISA_USAGE = YES_ERROR;
				CLANG_WARN_EMPTY_BODY = YES;
				CLANG_WARN_ENUM_CONVERSION = YES;
				CLANG_WARN_INT_CONVERSION = YES;
				CLANG_WARN_OBJC_ROOT_CLASS = YES_ERROR;
				CLANG_WARN_UNREACHABLE_CODE = YES;
				CLANG_WARN__DUPLICATE_METHOD_MATCH = YES;
				"CODE_SIGN_IDENTITY[sdk=iphoneos*]" = "iPhone Developer";
				COPY_PHASE_STRIP = NO;
				DEBUG_INFORMATION_FORMAT = "dwarf-with-dsym";
				ENABLE_STRICT_OBJC_MSGSEND = YES;
				GCC_C_LANGUAGE_STANDARD = gnu99;
				GCC_DYNAMIC_NO_PIC = NO;
				GCC_NO_COMMON_BLOCKS = YES;
				GCC_OPTIMIZATION_LEVEL = 0;
				GCC_PREPROCESSOR_DEFINITIONS = (
					"DEBUG=1",
					"$(inherited)",
				);
				GCC_SYMBOLS_PRIVATE_EXTERN = NO;
				GCC_WARN_64_TO_32_BIT_CONVERSION = YES;
				GCC_WARN_ABOUT_RETURN_TYPE = YES_ERROR;
				GCC_WARN_UNDECLARED_SELECTOR = YES;
				GCC_WARN_UNINITIALIZED_AUTOS = YES_AGGRESSIVE;
				GCC_WARN_UNUSED_FUNCTION = YES;
				GCC_WARN_UNUSED_VARIABLE = YES;
				IPHONEOS_DEPLOYMENT_TARGET = 8.4;
				MTL_ENABLE_DEBUG_INFO = YES;
				ONLY_ACTIVE_ARCH = YES;
				SDKROOT = iphoneos;
			};
			name = Debug;
		};
		5A748CDF1B8BB40200EEA8A5 /* Release */ = {
			isa = XCBuildConfiguration;
			buildSettings = {
				ALWAYS_SEARCH_USER_PATHS = NO;
				CLANG_CXX_LANGUAGE_STANDARD = "gnu++0x";
				CLANG_CXX_LIBRARY = "libc++";
				CLANG_ENABLE_MODULES = YES;
				CLANG_ENABLE_OBJC_ARC = YES;
				CLANG_WARN_BOOL_CONVERSION = YES;
				CLANG_WARN_CONSTANT_CONVERSION = YES;
				CLANG_WARN_DIRECT_OBJC_ISA_USAGE = YES_ERROR;
				CLANG_WARN_EMPTY_BODY = YES;
				CLANG_WARN_ENUM_CONVERSION = YES;
				CLANG_WARN_INT_CONVERSION = YES;
				CLANG_WARN_OBJC_ROOT_CLASS = YES_ERROR;
				CLANG_WARN_UNREACHABLE_CODE = YES;
				CLANG_WARN__DUPLICATE_METHOD_MATCH = YES;
				"CODE_SIGN_IDENTITY[sdk=iphoneos*]" = "iPhone Developer";
				COPY_PHASE_STRIP = NO;
				DEBUG_INFORMATION_FORMAT = "dwarf-with-dsym";
				ENABLE_NS_ASSERTIONS = NO;
				ENABLE_STRICT_OBJC_MSGSEND = YES;
				GCC_C_LANGUAGE_STANDARD = gnu99;
				GCC_NO_COMMON_BLOCKS = YES;
				GCC_WARN_64_TO_32_BIT_CONVERSION = YES;
				GCC_WARN_ABOUT_RETURN_TYPE = YES_ERROR;
				GCC_WARN_UNDECLARED_SELECTOR = YES;
				GCC_WARN_UNINITIALIZED_AUTOS = YES_AGGRESSIVE;
				GCC_WARN_UNUSED_FUNCTION = YES;
				GCC_WARN_UNUSED_VARIABLE = YES;
				IPHONEOS_DEPLOYMENT_TARGET = 8.4;
				MTL_ENABLE_DEBUG_INFO = NO;
				SDKROOT = iphoneos;
				VALIDATE_PRODUCT = YES;
			};
			name = Release;
		};
		5A748CE11B8BB40200EEA8A5 /* Debug */ = {
			isa = XCBuildConfiguration;
			baseConfigurationReference = CE46E7AA43CB7CECEA0F1041 /* Pods.debug.xcconfig */;
			buildSettings = {
				ASSETCATALOG_COMPILER_APPICON_NAME = AppIcon;
				INFOPLIST_FILE = JHASearchTutorial/Info.plist;
				LD_RUNPATH_SEARCH_PATHS = "$(inherited) @executable_path/Frameworks";
				PRODUCT_NAME = "$(TARGET_NAME)";
			};
			name = Debug;
		};
		5A748CE21B8BB40200EEA8A5 /* Release */ = {
			isa = XCBuildConfiguration;
			baseConfigurationReference = E694E77FE14E9836A1F9A9AC /* Pods.release.xcconfig */;
			buildSettings = {
				ASSETCATALOG_COMPILER_APPICON_NAME = AppIcon;
				INFOPLIST_FILE = JHASearchTutorial/Info.plist;
				LD_RUNPATH_SEARCH_PATHS = "$(inherited) @executable_path/Frameworks";
				PRODUCT_NAME = "$(TARGET_NAME)";
			};
			name = Release;
		};
		5A748CE41B8BB40200EEA8A5 /* Debug */ = {
			isa = XCBuildConfiguration;
			buildSettings = {
				BUNDLE_LOADER = "$(TEST_HOST)";
				FRAMEWORK_SEARCH_PATHS = (
					"$(SDKROOT)/Developer/Library/Frameworks",
					"$(inherited)",
				);
				GCC_PREPROCESSOR_DEFINITIONS = (
					"DEBUG=1",
					"$(inherited)",
				);
				INFOPLIST_FILE = JHASearchTutorialTests/Info.plist;
				LD_RUNPATH_SEARCH_PATHS = "$(inherited) @executable_path/Frameworks @loader_path/Frameworks";
				PRODUCT_NAME = "$(TARGET_NAME)";
				TEST_HOST = "$(BUILT_PRODUCTS_DIR)/JHASearchTutorial.app/JHASearchTutorial";
			};
			name = Debug;
		};
		5A748CE51B8BB40200EEA8A5 /* Release */ = {
			isa = XCBuildConfiguration;
			buildSettings = {
				BUNDLE_LOADER = "$(TEST_HOST)";
				FRAMEWORK_SEARCH_PATHS = (
					"$(SDKROOT)/Developer/Library/Frameworks",
					"$(inherited)",
				);
				INFOPLIST_FILE = JHASearchTutorialTests/Info.plist;
				LD_RUNPATH_SEARCH_PATHS = "$(inherited) @executable_path/Frameworks @loader_path/Frameworks";
				PRODUCT_NAME = "$(TARGET_NAME)";
				TEST_HOST = "$(BUILT_PRODUCTS_DIR)/JHASearchTutorial.app/JHASearchTutorial";
			};
			name = Release;
		};
/* End XCBuildConfiguration section */

/* Begin XCConfigurationList section */
		5A748CB81B8BB40200EEA8A5 /* Build configuration list for PBXProject "JHASearchTutorial" */ = {
			isa = XCConfigurationList;
			buildConfigurations = (
				5A748CDE1B8BB40200EEA8A5 /* Debug */,
				5A748CDF1B8BB40200EEA8A5 /* Release */,
			);
			defaultConfigurationIsVisible = 0;
			defaultConfigurationName = Release;
		};
		5A748CE01B8BB40200EEA8A5 /* Build configuration list for PBXNativeTarget "JHASearchTutorial" */ = {
			isa = XCConfigurationList;
			buildConfigurations = (
				5A748CE11B8BB40200EEA8A5 /* Debug */,
				5A748CE21B8BB40200EEA8A5 /* Release */,
			);
			defaultConfigurationIsVisible = 0;
			defaultConfigurationName = Release;
		};
		5A748CE31B8BB40200EEA8A5 /* Build configuration list for PBXNativeTarget "JHASearchTutorialTests" */ = {
			isa = XCConfigurationList;
			buildConfigurations = (
				5A748CE41B8BB40200EEA8A5 /* Debug */,
				5A748CE51B8BB40200EEA8A5 /* Release */,
			);
			defaultConfigurationIsVisible = 0;
			defaultConfigurationName = Release;
		};
/* End XCConfigurationList section */
	};
	rootObject = 5A748CB51B8BB40200EEA8A5 /* Project object */;
}
